{
    "_readme": [
        "This file locks the dependencies of your project to a known state",
        "Read more about it at http://getcomposer.org/doc/01-basic-usage.md#composer-lock-the-lock-file",
        "This file is @generated automatically"
    ],
    "hash": "741e443c358a6c63f4b48751b9b5ee5a",
    "packages": [
        {
            "name": "piwik/piwik-php-tracker",
            "version": "1.0.0",
            "source": {
                "type": "git",
                "url": "https://github.com/piwik/piwik-php-tracker.git",
                "reference": "eee31a509f950e5c2a203629276db1f53ff3f024"
            },
            "dist": {
                "type": "zip",
                "url": "https://api.github.com/repos/piwik/piwik-php-tracker/zipball/eee31a509f950e5c2a203629276db1f53ff3f024",
                "reference": "eee31a509f950e5c2a203629276db1f53ff3f024",
                "shasum": ""
            },
            "type": "library",
            "autoload": {
                "classmap": [
                    "."
                ]
            },
            "notification-url": "https://packagist.org/downloads/",
            "license": [
                "BSD-2-Clause"
            ],
            "authors": [
                {
                    "name": "The Piwik Team",
                    "email": "hello@piwik.org",
                    "homepage": "http://piwik.org/the-piwik-team/"
                }
            ],
            "description": "PHP Client for Piwik Analytics Tracking API",
            "homepage": "http://piwik.org",
            "keywords": [
                "analytics",
                "piwik",
                "tracker"
            ],
            "time": "2014-12-18 23:21:02"
        }
    ],
    "packages-dev": [],
    "aliases": [],
    "minimum-stability": "stable",
    "stability-flags": [],
    "prefer-stable": false,
    "prefer-lowest": false,
    "platform": {
        "php": ">=5.4.0"
    },
    "platform-dev": []
}
